
Microsoft Visual Studio Solution File, Format Version 12.00
# Visual Studio 2013
VisualStudioVersion = 12.0.30501.0
MinimumVisualStudioVersion = 10.0.40219.1
Project("{FAE04EC0-301F-11D3-BF4B-00C04F79EFBC}") = "BankAccountBL", "BankAccount\BankAccountBL.csproj", "{C2C46F97-9921-4B36-AEF6-AEF171195DFC}"
	ProjectSection(ProjectDependencies) = postProject
		{94E9FCFE-7C7A-4A67-B911-AA36263E945F} = {94E9FCFE-7C7A-4A67-B911-AA36263E945F}
	EndProjectSection
EndProject
Project("{FAE04EC0-301F-11D3-BF4B-00C04F79EFBC}") = "BankAccountDB", "BankAccountDB\BankAccountDB.csproj", "{94E9FCFE-7C7A-4A67-B911-AA36263E945F}"
EndProject
Project("{FAE04EC0-301F-11D3-BF4B-00C04F79EFBC}") = "BankAccountMVC", "BankAccountMVC\BankAccountMVC.csproj", "{2D79CAB1-0F31-4347-BA6A-508F48AA7C89}"
EndProject
Project("{FAE04EC0-301F-11D3-BF4B-00C04F79EFBC}") = "BankAccountMVC.Test", "BankAccountMVC.Tests\BankAccountMVC.Test.csproj", "{E8C0E2E8-5E3D-43CF-BEEF-746406C82243}"
	ProjectSection(ProjectDependencies) = postProject
		{4968E58C-586B-4916-85C2-84442627433D} = {4968E58C-586B-4916-85C2-84442627433D}
		{C2C46F97-9921-4B36-AEF6-AEF171195DFC} = {C2C46F97-9921-4B36-AEF6-AEF171195DFC}
		{94E9FCFE-7C7A-4A67-B911-AA36263E945F} = {94E9FCFE-7C7A-4A67-B911-AA36263E945F}
	EndProjectSection
EndProject
Project("{FAE04EC0-301F-11D3-BF4B-00C04F79EFBC}") = "BankAccountBL.Test", "BankAccountBL.Test\BankAccountBL.Test.csproj", "{81881822-22FF-4E84-B09A-011366D2005B}"
	ProjectSection(ProjectDependencies) = postProject
		{4968E58C-586B-4916-85C2-84442627433D} = {4968E58C-586B-4916-85C2-84442627433D}
		{C2C46F97-9921-4B36-AEF6-AEF171195DFC} = {C2C46F97-9921-4B36-AEF6-AEF171195DFC}
		{94E9FCFE-7C7A-4A67-B911-AA36263E945F} = {94E9FCFE-7C7A-4A67-B911-AA36263E945F}
	EndProjectSection
EndProject
Project("{2150E333-8FDC-42A3-9474-1A3956D46DE8}") = "Tests", "Tests", "{5B40DC8D-8EBC-4A74-8CDC-B09434DB32A0}"
EndProject
Project("{2150E333-8FDC-42A3-9474-1A3956D46DE8}") = "Projects", "Projects", "{08881CBB-1519-48EE-B2D0-CBEABAEEEA7F}"
EndProject
Project("{FAE04EC0-301F-11D3-BF4B-00C04F79EFBC}") = "TestUtilities", "TestUtilities\TestUtilities.csproj", "{4968E58C-586B-4916-85C2-84442627433D}"
EndProject
Project("{FAE04EC0-301F-11D3-BF4B-00C04F79EFBC}") = "BankAccountDB.Test", "BankAccountDB.Test\BankAccountDB.Test.csproj", "{5A8C586D-50BE-442F-B5E7-CDDE52D08C41}"
	ProjectSection(ProjectDependencies) = postProject
		{4968E58C-586B-4916-85C2-84442627433D} = {4968E58C-586B-4916-85C2-84442627433D}
		{94E9FCFE-7C7A-4A67-B911-AA36263E945F} = {94E9FCFE-7C7A-4A67-B911-AA36263E945F}
	EndProjectSection
EndProject
Project("{2150E333-8FDC-42A3-9474-1A3956D46DE8}") = ".nuget", ".nuget", "{81039D89-D5A4-4476-82EC-A438B1E791D4}"
	ProjectSection(SolutionItems) = preProject
		.nuget\NuGet.Config = .nuget\NuGet.Config
		.nuget\NuGet.exe = .nuget\NuGet.exe
		.nuget\NuGet.targets = .nuget\NuGet.targets
	EndProjectSection
EndProject
Global
	GlobalSection(SolutionConfigurationPlatforms) = preSolution
		Debug|Any CPU = Debug|Any CPU
		Release|Any CPU = Release|Any CPU
	EndGlobalSection
	GlobalSection(ProjectConfigurationPlatforms) = postSolution
		{C2C46F97-9921-4B36-AEF6-AEF171195DFC}.Debug|Any CPU.ActiveCfg = Debug|Any CPU
		{C2C46F97-9921-4B36-AEF6-AEF171195DFC}.Debug|Any CPU.Build.0 = Debug|Any CPU
		{C2C46F97-9921-4B36-AEF6-AEF171195DFC}.Release|Any CPU.ActiveCfg = Release|Any CPU
		{C2C46F97-9921-4B36-AEF6-AEF171195DFC}.Release|Any CPU.Build.0 = Release|Any CPU
		{94E9FCFE-7C7A-4A67-B911-AA36263E945F}.Debug|Any CPU.ActiveCfg = Debug|Any CPU
		{94E9FCFE-7C7A-4A67-B911-AA36263E945F}.Debug|Any CPU.Build.0 = Debug|Any CPU
		{94E9FCFE-7C7A-4A67-B911-AA36263E945F}.Release|Any CPU.ActiveCfg = Release|Any CPU
		{94E9FCFE-7C7A-4A67-B911-AA36263E945F}.Release|Any CPU.Build.0 = Release|Any CPU
		{2D79CAB1-0F31-4347-BA6A-508F48AA7C89}.Debug|Any CPU.ActiveCfg = Debug|Any CPU
		{2D79CAB1-0F31-4347-BA6A-508F48AA7C89}.Debug|Any CPU.Build.0 = Debug|Any CPU
		{2D79CAB1-0F31-4347-BA6A-508F48AA7C89}.Release|Any CPU.ActiveCfg = Release|Any CPU
		{2D79CAB1-0F31-4347-BA6A-508F48AA7C89}.Release|Any CPU.Build.0 = Release|Any CPU
		{E8C0E2E8-5E3D-43CF-BEEF-746406C82243}.Debug|Any CPU.ActiveCfg = Debug|Any CPU
		{E8C0E2E8-5E3D-43CF-BEEF-746406C82243}.Debug|Any CPU.Build.0 = Debug|Any CPU
		{E8C0E2E8-5E3D-43CF-BEEF-746406C82243}.Release|Any CPU.ActiveCfg = Release|Any CPU
		{E8C0E2E8-5E3D-43CF-BEEF-746406C82243}.Release|Any CPU.Build.0 = Release|Any CPU
		{81881822-22FF-4E84-B09A-011366D2005B}.Debug|Any CPU.ActiveCfg = Debug|Any CPU
		{81881822-22FF-4E84-B09A-011366D2005B}.Debug|Any CPU.Build.0 = Debug|Any CPU
		{81881822-22FF-4E84-B09A-011366D2005B}.Release|Any CPU.ActiveCfg = Release|Any CPU
		{81881822-22FF-4E84-B09A-011366D2005B}.Release|Any CPU.Build.0 = Release|Any CPU
		{4968E58C-586B-4916-85C2-84442627433D}.Debug|Any CPU.ActiveCfg = Debug|Any CPU
		{4968E58C-586B-4916-85C2-84442627433D}.Debug|Any CPU.Build.0 = Debug|Any CPU
		{4968E58C-586B-4916-85C2-84442627433D}.Release|Any CPU.ActiveCfg = Release|Any CPU
		{4968E58C-586B-4916-85C2-84442627433D}.Release|Any CPU.Build.0 = Release|Any CPU
		{5A8C586D-50BE-442F-B5E7-CDDE52D08C41}.Debug|Any CPU.ActiveCfg = Debug|Any CPU
		{5A8C586D-50BE-442F-B5E7-CDDE52D08C41}.Debug|Any CPU.Build.0 = Debug|Any CPU
		{5A8C586D-50BE-442F-B5E7-CDDE52D08C41}.Release|Any CPU.ActiveCfg = Release|Any CPU
		{5A8C586D-50BE-442F-B5E7-CDDE52D08C41}.Release|Any CPU.Build.0 = Release|Any CPU
	EndGlobalSection
	GlobalSection(SolutionProperties) = preSolution
		HideSolutionNode = FALSE
	EndGlobalSection
	GlobalSection(NestedProjects) = preSolution
		{C2C46F97-9921-4B36-AEF6-AEF171195DFC} = {08881CBB-1519-48EE-B2D0-CBEABAEEEA7F}
		{94E9FCFE-7C7A-4A67-B911-AA36263E945F} = {08881CBB-1519-48EE-B2D0-CBEABAEEEA7F}
		{2D79CAB1-0F31-4347-BA6A-508F48AA7C89} = {08881CBB-1519-48EE-B2D0-CBEABAEEEA7F}
		{E8C0E2E8-5E3D-43CF-BEEF-746406C82243} = {5B40DC8D-8EBC-4A74-8CDC-B09434DB32A0}
		{81881822-22FF-4E84-B09A-011366D2005B} = {5B40DC8D-8EBC-4A74-8CDC-B09434DB32A0}
		{4968E58C-586B-4916-85C2-84442627433D} = {5B40DC8D-8EBC-4A74-8CDC-B09434DB32A0}
		{5A8C586D-50BE-442F-B5E7-CDDE52D08C41} = {5B40DC8D-8EBC-4A74-8CDC-B09434DB32A0}
	EndGlobalSection
EndGlobal
